DEPENDENCIES
  apache2
    path: .
    metadata: true
  apache2_test
    path: test/fixtures/cookbooks/apache2_test
  apt (~> 2.4)
  fqdn
    git: https://github.com/drpebcak/fqdn-cookbook.git
    revision: 55cd997425755a295f1e391fbe65f38df9fe532b
  pacman (~> 1.1.1)
  yum (~> 3.2)
  zypper (~> 0.1.0)

GRAPH
  apache2 (3.1.0)
  apache2_test (0.1.0)
    apache2 (>= 0.0.0)
    jpackage (>= 0.0.0)
    openldap (>= 0.0.0)
    tomcat (>= 0.0.0)
    yum-epel (>= 0.0.0)
  apt (2.8.2)
  chef-sugar (3.1.1)
  fqdn (0.3.0)
    hostsfile (>= 0.0.0)
    line (>= 0.0.0)
    now (>= 0.0.0)
  freebsd (0.3.0)
  hostsfile (2.4.5)
  iptables (1.0.0)
  java (1.35.0)
  jpackage (1.0.2)
    java (>= 0.0.0)
  line (0.6.2)
  now (0.3.0)
  nscd (1.0.0)
  openldap (2.2.0)
    freebsd (>= 0.0.0)
    nscd (>= 0.0.0)
    openssh (>= 0.0.0)
    openssl (>= 0.0.0)
  openssh (1.5.2)
    iptables (>= 0.0.0)
  openssl (4.4.0)
    chef-sugar (>= 3.1.1)
  pacman (1.1.1)
  tomcat (0.17.3)
    java (>= 0.0.0)
    openssl (>= 0.0.0)
    yum-epel (>= 0.0.0)
  yum (3.7.1)
  yum-epel (0.6.3)
    yum (~> 3.2)
  zypper (0.1.0)
